
Microsoft Visual Studio Solution File, Format Version 12.00
Project("{FAE04EC0-301F-11D3-BF4B-00C04F79EFBC}") = "Contingent.Desktop", "Contingent.Desktop\Contingent.Desktop.csproj", "{DF5D91B2-35CC-4FA3-BA9B-145DAE55C5C7}"
EndProject
Project("{FAE04EC0-301F-11D3-BF4B-00C04F79EFBC}") = "Contingent.Backend", "Contingent.Backend\Contingent.Backend.csproj", "{57F3CFCB-5681-455B-BBCF-7EC987518BFF}"
EndProject
Project("{FAE04EC0-301F-11D3-BF4B-00C04F79EFBC}") = "Contingent.Testing", "Contingent.Testing\Contingent.Testing.csproj", "{44FA00DA-57A7-47B7-8BCA-59594B7572A7}"
EndProject
Global
	GlobalSection(SolutionConfigurationPlatforms) = preSolution
		Debug|Any CPU = Debug|Any CPU
		Release|Any CPU = Release|Any CPU
	EndGlobalSection
	GlobalSection(ProjectConfigurationPlatforms) = postSolution
		{DF5D91B2-35CC-4FA3-BA9B-145DAE55C5C7}.Debug|Any CPU.ActiveCfg = Debug|Any CPU
		{DF5D91B2-35CC-4FA3-BA9B-145DAE55C5C7}.Debug|Any CPU.Build.0 = Debug|Any CPU
		{DF5D91B2-35CC-4FA3-BA9B-145DAE55C5C7}.Release|Any CPU.ActiveCfg = Release|Any CPU
		{DF5D91B2-35CC-4FA3-BA9B-145DAE55C5C7}.Release|Any CPU.Build.0 = Release|Any CPU
		{57F3CFCB-5681-455B-BBCF-7EC987518BFF}.Debug|Any CPU.ActiveCfg = Debug|Any CPU
		{57F3CFCB-5681-455B-BBCF-7EC987518BFF}.Debug|Any CPU.Build.0 = Debug|Any CPU
		{57F3CFCB-5681-455B-BBCF-7EC987518BFF}.Release|Any CPU.ActiveCfg = Release|Any CPU
		{57F3CFCB-5681-455B-BBCF-7EC987518BFF}.Release|Any CPU.Build.0 = Release|Any CPU
		{44FA00DA-57A7-47B7-8BCA-59594B7572A7}.Debug|Any CPU.ActiveCfg = Debug|Any CPU
		{44FA00DA-57A7-47B7-8BCA-59594B7572A7}.Debug|Any CPU.Build.0 = Debug|Any CPU
		{44FA00DA-57A7-47B7-8BCA-59594B7572A7}.Release|Any CPU.ActiveCfg = Release|Any CPU
		{44FA00DA-57A7-47B7-8BCA-59594B7572A7}.Release|Any CPU.Build.0 = Release|Any CPU
	EndGlobalSection
EndGlobal
